// !$*UTF8*$!
{
	archiveVersion = 1;
	classes = {
	};
	objectVersion = 50;
	objects = {

/* Begin PBXBuildFile section */
		A58C91A626A344FB00361591 /* AppDelegate.swift in Sources */ = {isa = PBXBuildFile; fileRef = A58C91A526A344FB00361591 /* AppDelegate.swift */; };
		A58C91A826A344FB00361591 /* SceneDelegate.swift in Sources */ = {isa = PBXBuildFile; fileRef = A58C91A726A344FB00361591 /* SceneDelegate.swift */; };
		A58C91AA26A344FB00361591 /* ViewController.swift in Sources */ = {isa = PBXBuildFile; fileRef = A58C91A926A344FB00361591 /* ViewController.swift */; };
		A58C91AD26A344FB00361591 /* Main.storyboard in Resources */ = {isa = PBXBuildFile; fileRef = A58C91AB26A344FB00361591 /* Main.storyboard */; };
		A58C91AF26A344FC00361591 /* Assets.xcassets in Resources */ = {isa = PBXBuildFile; fileRef = A58C91AE26A344FC00361591 /* Assets.xcassets */; };
		A58C91B226A344FC00361591 /* LaunchScreen.storyboard in Resources */ = {isa = PBXBuildFile; fileRef = A58C91B026A344FC00361591 /* LaunchScreen.storyboard */; };
		A58C91BA26A345C900361591 /* challenge.swift in Sources */ = {isa = PBXBuildFile; fileRef = A58C91B926A345C900361591 /* challenge.swift */; };
		A58C91BC26A3460000361591 /* challengeview.swift in Sources */ = {isa = PBXBuildFile; fileRef = A58C91BB26A3460000361591 /* challengeview.swift */; };
		A58C91C426A355C400361591 /* challengecell.swift in Sources */ = {isa = PBXBuildFile; fileRef = A58C91C326A355C400361591 /* challengecell.swift */; };
/* End PBXBuildFile section */

/* Begin PBXFileReference section */
		A58C91A226A344FB00361591 /* tableview1.app */ = {isa = PBXFileReference; explicitFileType = wrapper.application; includeInIndex = 0; path = tableview1.app; sourceTree = BUILT_PRODUCTS_DIR; };
		A58C91A526A344FB00361591 /* AppDelegate.swift */ = {isa = PBXFileReference; lastKnownFileType = sourcecode.swift; path = AppDelegate.swift; sourceTree = "<group>"; };
		A58C91A726A344FB00361591 /* SceneDelegate.swift */ = {isa = PBXFileReference; lastKnownFileType = sourcecode.swift; path = SceneDelegate.swift; sourceTree = "<group>"; };
		A58C91A926A344FB00361591 /* ViewController.swift */ = {isa = PBXFileReference; lastKnownFileType = sourcecode.swift; path = ViewController.swift; sourceTree = "<group>"; };
		A58C91AC26A344FB00361591 /* Base */ = {isa = PBXFileReference; lastKnownFileType = file.storyboard; name = Base; path = Base.lproj/Main.storyboard; sourceTree = "<group>"; };
		A58C91AE26A344FC00361591 /* Assets.xcassets */ = {isa = PBXFileReference; lastKnownFileType = folder.assetcatalog; path = Assets.xcassets; sourceTree = "<group>"; };
		A58C91B126A344FC00361591 /* Base */ = {isa = PBXFileReference; lastKnownFileType = file.storyboard; name = Base; path = Base.lproj/LaunchScreen.storyboard; sourceTree = "<group>"; };
		A58C91B326A344FC00361591 /* Info.plist */ = {isa = PBXFileReference; lastKnownFileType = text.plist.xml; path = Info.plist; sourceTree = "<group>"; };
		A58C91B926A345C900361591 /* challenge.swift */ = {isa = PBXFileReference; lastKnownFileType = sourcecode.swift; path = challenge.swift; sourceTree = "<group>"; };
		A58C91BB26A3460000361591 /* challengeview.swift */ = {isa = PBXFileReference; lastKnownFileType = sourcecode.swift; path = challengeview.swift; sourceTree = "<group>"; };
		A58C91C326A355C400361591 /* challengecell.swift */ = {isa = PBXFileReference; lastKnownFileType = sourcecode.swift; path = challengecell.swift; sourceTree = "<group>"; };
/* End PBXFileReference section */

/* Begin PBXFrameworksBuildPhase section */
		A58C919F26A344FB00361591 /* Frameworks */ = {
			isa = PBXFrameworksBuildPhase;
			buildActionMask = 2147483647;
			files = (
			);
			runOnlyForDeploymentPostprocessing = 0;
		};
/* End PBXFrameworksBuildPhase section */

/* Begin PBXGroup section */
		A58C919926A344FB00361591 = {
			isa = PBXGroup;
			children = (
				A58C91A426A344FB00361591 /* tableview1 */,
				A58C91A326A344FB00361591 /* Products */,
			);
			sourceTree = "<group>";
		};
		A58C91A326A344FB00361591 /* Products */ = {
			isa = PBXGroup;
			children = (
				A58C91A226A344FB00361591 /* tableview1.app */,
			);
			name = Products;
			sourceTree = "<group>";
		};
		A58C91A426A344FB00361591 /* tableview1 */ = {
			isa = PBXGroup;
			children = (
				A58C91A526A344FB00361591 /* AppDelegate.swift */,
				A58C91A726A344FB00361591 /* SceneDelegate.swift */,
				A58C91A926A344FB00361591 /* ViewController.swift */,
				A58C91AB26A344FB00361591 /* Main.storyboard */,
				A58C91AE26A344FC00361591 /* Assets.xcassets */,
				A58C91B026A344FC00361591 /* LaunchScreen.storyboard */,
				A58C91B326A344FC00361591 /* Info.plist */,
				A58C91B926A345C900361591 /* challenge.swift */,
				A58C91BB26A3460000361591 /* challengeview.swift */,
				A58C91C326A355C400361591 /* challengecell.swift */,
			);
			path = tableview1;
			sourceTree = "<group>";
		};
/* End PBXGroup section */

/* Begin PBXNativeTarget section */
		A58C91A126A344FB00361591 /* tableview1 */ = {
			isa = PBXNativeTarget;
			buildConfigurationList = A58C91B626A344FC00361591 /* Build configuration list for PBXNativeTarget "tableview1" */;
			buildPhases = (
				A58C919E26A344FB00361591 /* Sources */,
				A58C919F26A344FB00361591 /* Frameworks */,
				A58C91A026A344FB00361591 /* Resources */,
			);
			buildRules = (
			);
			dependencies = (
			);
			name = tableview1;
			productName = tableview1;
			productReference = A58C91A226A344FB00361591 /* tableview1.app */;
			productType = "com.apple.product-type.application";
		};
/* End PBXNativeTarget section */

/* Begin PBXProject section */
		A58C919A26A344FB00361591 /* Project object */ = {
			isa = PBXProject;
			attributes = {
				LastSwiftUpdateCheck = 1250;
				LastUpgradeCheck = 1250;
				TargetAttributes = {
					A58C91A126A344FB00361591 = {
						CreatedOnToolsVersion = 12.5.1;
					};
				};
			};
			buildConfigurationList = A58C919D26A344FB00361591 /* Build configuration list for PBXProject "tableview1" */;
			compatibilityVersion = "Xcode 9.3";
			developmentRegion = en;
			hasScannedForEncodings = 0;
			knownRegions = (
				en,
				Base,
			);
			mainGroup = A58C919926A344FB00361591;
			productRefGroup = A58C91A326A344FB00361591 /* Products */;
			projectDirPath = "";
			projectRoot = "";
			targets = (
				A58C91A126A344FB00361591 /* tableview1 */,
			);
		};
/* End PBXProject section */

/* Begin PBXResourcesBuildPhase section */
		A58C91A026A344FB00361591 /* Resources */ = {
			isa = PBXResourcesBuildPhase;
			buildActionMask = 2147483647;
			files = (
				A58C91B226A344FC00361591 /* LaunchScreen.storyboard in Resources */,
				A58C91AF26A344FC00361591 /* Assets.xcassets in Resources */,
				A58C91AD26A344FB00361591 /* Main.storyboard in Resources */,
			);
			runOnlyForDeploymentPostprocessing = 0;
		};
/* End PBXResourcesBuildPhase section */

/* Begin PBXSourcesBuildPhase section */
		A58C919E26A344FB00361591 /* Sources */ = {
			isa = PBXSourcesBuildPhase;
			buildActionMask = 2147483647;
			files = (
				A58C91AA26A344FB00361591 /* ViewController.swift in Sources */,
				A58C91BA26A345C900361591 /* challenge.swift in Sources */,
				A58C91BC26A3460000361591 /* challengeview.swift in Sources */,
				A58C91C426A355C400361591 /* challengecell.swift in Sources */,
				A58C91A626A344FB00361591 /* AppDelegate.swift in Sources */,
				A58C91A826A344FB00361591 /* SceneDelegate.swift in Sources */,
			);
			runOnlyForDeploymentPostprocessing = 0;
		};
/* End PBXSourcesBuildPhase section */

/* Begin PBXVariantGroup section */
		A58C91AB26A344FB00361591 /* Main.storyboard */ = {
			isa = PBXVariantGroup;
			children = (
				A58C91AC26A344FB00361591 /* Base */,
			);
			name = Main.storyboard;
			sourceTree = "<group>";
		};
		A58C91B026A344FC00361591 /* LaunchScreen.storyboard */ = {
			isa = PBXVariantGroup;
			children = (
				A58C91B126A344FC00361591 /* Base */,
			);
			name = LaunchScreen.storyboard;
			sourceTree = "<group>";
		};
/* End PBXVariantGroup section */

/* Begin XCBuildConfiguration section */
		A58C91B426A344FC00361591 /* Debug */ = {
			isa = XCBuildConfiguration;
			buildSettings = {
				ALWAYS_SEARCH_USER_PATHS = NO;
				CLANG_ANALYZER_NONNULL = YES;
				CLANG_ANALYZER_NUMBER_OBJECT_CONVERSION = YES_AGGRESSIVE;
				CLANG_CXX_LANGUAGE_STANDARD = "gnu++14";
				CLANG_CXX_LIBRARY = "libc++";
				CLANG_ENABLE_MODULES = YES;
				CLANG_ENABLE_OBJC_ARC = YES;
				CLANG_ENABLE_OBJC_WEAK = YES;
				CLANG_WARN_BLOCK_CAPTURE_AUTORELEASING = YES;
				CLANG_WARN_BOOL_CONVERSION = YES;
				CLANG_WARN_COMMA = YES;
				CLANG_WARN_CONSTANT_CONVERSION = YES;
				CLANG_WARN_DEPRECATED_OBJC_IMPLEMENTATIONS = YES;
				CLANG_WARN_DIRECT_OBJC_ISA_USAGE = YES_ERROR;
				CLANG_WARN_DOCUMENTATION_COMMENTS = YES;
				CLANG_WARN_EMPTY_BODY = YES;
				CLANG_WARN_ENUM_CONVERSION = YES;
				CLANG_WARN_INFINITE_RECURSION = YES;
				CLANG_WARN_INT_CONVERSION = YES;
				CLANG_WARN_NON_LITERAL_NULL_CONVERSION = YES;
				CLANG_WARN_OBJC_IMPLICIT_RETAIN_SELF = YES;
				CLANG_WARN_OBJC_LITERAL_CONVERSION = YES;
				CLANG_WARN_OBJC_ROOT_CLASS = YES_ERROR;
				CLANG_WARN_QUOTED_INCLUDE_IN_FRAMEWORK_HEADER = YES;
				CLANG_WARN_RANGE_LOOP_ANALYSIS = YES;
				CLANG_WARN_STRICT_PROTOTYPES = YES;
				CLANG_WARN_SUSPICIOUS_MOVE = YES;
				CLANG_WARN_UNGUARDED_AVAILABILITY = YES_AGGRESSIVE;
				CLANG_WARN_UNREACHABLE_CODE = YES;
				CLANG_WARN__DUPLICATE_METHOD_MATCH = YES;
				COPY_PHASE_STRIP = NO;
				DEBUG_INFORMATION_FORMAT = dwarf;
				ENABLE_STRICT_OBJC_MSGSEND = YES;
				ENABLE_TESTABILITY = YES;
				GCC_C_LANGUAGE_STANDARD = gnu11;
				GCC_DYNAMIC_NO_PIC = NO;
				GCC_NO_COMMON_BLOCKS = YES;
				GCC_OPTIMIZATION_LEVEL = 0;
				GCC_PREPROCESSOR_DEFINITIONS = (
					"DEBUG=1",
					"$(inherited)",
				);
				GCC_WARN_64_TO_32_BIT_CONVERSION = YES;
				GCC_WARN_ABOUT_RETURN_TYPE = YES_ERROR;
				GCC_WARN_UNDECLARED_SELECTOR = YES;
				GCC_WARN_UNINITIALIZED_AUTOS = YES_AGGRESSIVE;
				GCC_WARN_UNUSED_FUNCTION = YES;
				GCC_WARN_UNUSED_VARIABLE = YES;
				IPHONEOS_DEPLOYMENT_TARGET = 14.5;
				MTL_ENABLE_DEBUG_INFO = INCLUDE_SOURCE;
				MTL_FAST_MATH = YES;
				ONLY_ACTIVE_ARCH = YES;
				SDKROOT = iphoneos;
				SWIFT_ACTIVE_COMPILATION_CONDITIONS = DEBUG;
				SWIFT_OPTIMIZATION_LEVEL = "-Onone";
			};
			name = Debug;
		};
		A58C91B526A344FC00361591 /* Release */ = {
			isa = XCBuildConfiguration;
			buildSettings = {
				ALWAYS_SEARCH_USER_PATHS = NO;
				CLANG_ANALYZER_NONNULL = YES;
				CLANG_ANALYZER_NUMBER_OBJECT_CONVERSION = YES_AGGRESSIVE;
				CLANG_CXX_LANGUAGE_STANDARD = "gnu++14";
				CLANG_CXX_LIBRARY = "libc++";
				CLANG_ENABLE_MODULES = YES;
				CLANG_ENABLE_OBJC_ARC = YES;
				CLANG_ENABLE_OBJC_WEAK = YES;
				CLANG_WARN_BLOCK_CAPTURE_AUTORELEASING = YES;
				CLANG_WARN_BOOL_CONVERSION = YES;
				CLANG_WARN_COMMA = YES;
				CLANG_WARN_CONSTANT_CONVERSION = YES;
				CLANG_WARN_DEPRECATED_OBJC_IMPLEMENTATIONS = YES;
				CLANG_WARN_DIRECT_OBJC_ISA_USAGE = YES_ERROR;
				CLANG_WARN_DOCUMENTATION_COMMENTS = YES;
				CLANG_WARN_EMPTY_BODY = YES;
				CLANG_WARN_ENUM_CONVERSION = YES;
				CLANG_WARN_INFINITE_RECURSION = YES;
				CLANG_WARN_INT_CONVERSION = YES;
				CLANG_WARN_NON_LITERAL_NULL_CONVERSION = YES;
				CLANG_WARN_OBJC_IMPLICIT_RETAIN_SELF = YES;
				CLANG_WARN_OBJC_LITERAL_CONVERSION = YES;
				CLANG_WARN_OBJC_ROOT_CLASS = YES_ERROR;
				CLANG_WARN_QUOTED_INCLUDE_IN_FRAMEWORK_HEADER = YES;
				CLANG_WARN_RANGE_LOOP_ANALYSIS = YES;
				CLANG_WARN_STRICT_PROTOTYPES = YES;
				CLANG_WARN_SUSPICIOUS_MOVE = YES;
				CLANG_WARN_UNGUARDED_AVAILABILITY = YES_AGGRESSIVE;
				CLANG_WARN_UNREACHABLE_CODE = YES;
				CLANG_WARN__DUPLICATE_METHOD_MATCH = YES;
				COPY_PHASE_STRIP = NO;
				DEBUG_INFORMATION_FORMAT = "dwarf-with-dsym";
				ENABLE_NS_ASSERTIONS = NO;
				ENABLE_STRICT_OBJC_MSGSEND = YES;
				GCC_C_LANGUAGE_STANDARD = gnu11;
				GCC_NO_COMMON_BLOCKS = YES;
				GCC_WARN_64_TO_32_BIT_CONVERSION = YES;
				GCC_WARN_ABOUT_RETURN_TYPE = YES_ERROR;
				GCC_WARN_UNDECLARED_SELECTOR = YES;
				GCC_WARN_UNINITIALIZED_AUTOS = YES_AGGRESSIVE;
				GCC_WARN_UNUSED_FUNCTION = YES;
				GCC_WARN_UNUSED_VARIABLE = YES;
				IPHONEOS_DEPLOYMENT_TARGET = 14.5;
				MTL_ENABLE_DEBUG_INFO = NO;
				MTL_FAST_MATH = YES;
				SDKROOT = iphoneos;
				SWIFT_COMPILATION_MODE = wholemodule;
				SWIFT_OPTIMIZATION_LEVEL = "-O";
				VALIDATE_PRODUCT = YES;
			};
			name = Release;
		};
		A58C91B726A344FC00361591 /* Debug */ = {
			isa = XCBuildConfiguration;
			buildSettings = {
				ASSETCATALOG_COMPILER_APPICON_NAME = AppIcon;
				ASSETCATALOG_COMPILER_GLOBAL_ACCENT_COLOR_NAME = AccentColor;
				CODE_SIGN_STYLE = Automatic;
				INFOPLIST_FILE = tableview1/Info.plist;
				LD_RUNPATH_SEARCH_PATHS = (
					"$(inherited)",
					"@executable_path/Frameworks",
				);
				PRODUCT_BUNDLE_IDENTIFIER = com.codershigh.tableview1;
				PRODUCT_NAME = "$(TARGET_NAME)";
				SWIFT_VERSION = 5.0;
				TARGETED_DEVICE_FAMILY = "1,2";
			};
			name = Debug;
		};
		A58C91B826A344FC00361591 /* Release */ = {
			isa = XCBuildConfiguration;
			buildSettings = {
				ASSETCATALOG_COMPILER_APPICON_NAME = AppIcon;
				ASSETCATALOG_COMPILER_GLOBAL_ACCENT_COLOR_NAME = AccentColor;
				CODE_SIGN_STYLE = Automatic;
				INFOPLIST_FILE = tableview1/Info.plist;
				LD_RUNPATH_SEARCH_PATHS = (
					"$(inherited)",
					"@executable_path/Frameworks",
				);
				PRODUCT_BUNDLE_IDENTIFIER = com.codershigh.tableview1;
				PRODUCT_NAME = "$(TARGET_NAME)";
				SWIFT_VERSION = 5.0;
				TARGETED_DEVICE_FAMILY = "1,2";
			};
			name = Release;
		};
/* End XCBuildConfiguration section */

/* Begin XCConfigurationList section */
		A58C919D26A344FB00361591 /* Build configuration list for PBXProject "tableview1" */ = {
			isa = XCConfigurationList;
			buildConfigurations = (
				A58C91B426A344FC00361591 /* Debug */,
				A58C91B526A344FC00361591 /* Release */,
			);
			defaultConfigurationIsVisible = 0;
			defaultConfigurationName = Release;
		};
		A58C91B626A344FC00361591 /* Build configuration list for PBXNativeTarget "tableview1" */ = {
			isa = XCConfigurationList;
			buildConfigurations = (
				A58C91B726A344FC00361591 /* Debug */,
				A58C91B826A344FC00361591 /* Release */,
			);
			defaultConfigurationIsVisible = 0;
			defaultConfigurationName = Release;
		};
/* End XCConfigurationList section */
	};
	rootObject = A58C919A26A344FB00361591 /* Project object */;
}
